// !$*UTF8*$!
{
	archiveVersion = 1;
	classes = {
	};
	objectVersion = 46;
	objects = {

/* Begin PBXBuildFile section */
		AE472E251D9187EC00D8299B /* AppDelegate.swift in Sources */ = {isa = PBXBuildFile; fileRef = AE472E241D9187EC00D8299B /* AppDelegate.swift */; };
		AE472E271D9187EC00D8299B /* FaceViewController.swift in Sources */ = {isa = PBXBuildFile; fileRef = AE472E261D9187EC00D8299B /* FaceViewController.swift */; };
		AE472E2A1D9187EC00D8299B /* Main.storyboard in Resources */ = {isa = PBXBuildFile; fileRef = AE472E281D9187EC00D8299B /* Main.storyboard */; };
		AE472E2C1D9187EC00D8299B /* Assets.xcassets in Resources */ = {isa = PBXBuildFile; fileRef = AE472E2B1D9187EC00D8299B /* Assets.xcassets */; };
		AE472E2F1D9187EC00D8299B /* LaunchScreen.storyboard in Resources */ = {isa = PBXBuildFile; fileRef = AE472E2D1D9187EC00D8299B /* LaunchScreen.storyboard */; };
		AE472E381D918AAB00D8299B /* FaceView.swift in Sources */ = {isa = PBXBuildFile; fileRef = AE472E371D918AAB00D8299B /* FaceView.swift */; };
		AEC3072E1D9C0A4700458302 /* FacialExpression.swift in Sources */ = {isa = PBXBuildFile; fileRef = AEC3072D1D9C0A4700458302 /* FacialExpression.swift */; };
/* End PBXBuildFile section */

/* Begin PBXFileReference section */
		AE472E211D9187EC00D8299B /* FaceIt.app */ = {isa = PBXFileReference; explicitFileType = wrapper.application; includeInIndex = 0; path = FaceIt.app; sourceTree = BUILT_PRODUCTS_DIR; };
		AE472E241D9187EC00D8299B /* AppDelegate.swift */ = {isa = PBXFileReference; lastKnownFileType = sourcecode.swift; path = AppDelegate.swift; sourceTree = "<group>"; };
		AE472E261D9187EC00D8299B /* FaceViewController.swift */ = {isa = PBXFileReference; lastKnownFileType = sourcecode.swift; path = FaceViewController.swift; sourceTree = "<group>"; };
		AE472E291D9187EC00D8299B /* Base */ = {isa = PBXFileReference; lastKnownFileType = file.storyboard; name = Base; path = Base.lproj/Main.storyboard; sourceTree = "<group>"; };
		AE472E2B1D9187EC00D8299B /* Assets.xcassets */ = {isa = PBXFileReference; lastKnownFileType = folder.assetcatalog; path = Assets.xcassets; sourceTree = "<group>"; };
		AE472E2E1D9187EC00D8299B /* Base */ = {isa = PBXFileReference; lastKnownFileType = file.storyboard; name = Base; path = Base.lproj/LaunchScreen.storyboard; sourceTree = "<group>"; };
		AE472E301D9187EC00D8299B /* Info.plist */ = {isa = PBXFileReference; lastKnownFileType = text.plist.xml; path = Info.plist; sourceTree = "<group>"; };
		AE472E371D918AAB00D8299B /* FaceView.swift */ = {isa = PBXFileReference; fileEncoding = 4; lastKnownFileType = sourcecode.swift; path = FaceView.swift; sourceTree = "<group>"; };
		AEC3072D1D9C0A4700458302 /* FacialExpression.swift */ = {isa = PBXFileReference; fileEncoding = 4; lastKnownFileType = sourcecode.swift; path = FacialExpression.swift; sourceTree = "<group>"; };
/* End PBXFileReference section */

/* Begin PBXFrameworksBuildPhase section */
		AE472E1E1D9187EC00D8299B /* Frameworks */ = {
			isa = PBXFrameworksBuildPhase;
			buildActionMask = 2147483647;
			files = (
			);
			runOnlyForDeploymentPostprocessing = 0;
		};
/* End PBXFrameworksBuildPhase section */

/* Begin PBXGroup section */
		AE472E181D9187EC00D8299B = {
			isa = PBXGroup;
			children = (
				AE472E231D9187EC00D8299B /* FaceIt */,
				AE472E221D9187EC00D8299B /* Products */,
			);
			sourceTree = "<group>";
		};
		AE472E221D9187EC00D8299B /* Products */ = {
			isa = PBXGroup;
			children = (
				AE472E211D9187EC00D8299B /* FaceIt.app */,
			);
			name = Products;
			sourceTree = "<group>";
		};
		AE472E231D9187EC00D8299B /* FaceIt */ = {
			isa = PBXGroup;
			children = (
				AE472E361D91885600D8299B /* Supporting Files */,
				AE472E261D9187EC00D8299B /* FaceViewController.swift */,
				AEC3072D1D9C0A4700458302 /* FacialExpression.swift */,
				AE472E281D9187EC00D8299B /* Main.storyboard */,
				AE472E371D918AAB00D8299B /* FaceView.swift */,
			);
			path = FaceIt;
			sourceTree = "<group>";
		};
		AE472E361D91885600D8299B /* Supporting Files */ = {
			isa = PBXGroup;
			children = (
				AE472E241D9187EC00D8299B /* AppDelegate.swift */,
				AE472E2B1D9187EC00D8299B /* Assets.xcassets */,
				AE472E2D1D9187EC00D8299B /* LaunchScreen.storyboard */,
				AE472E301D9187EC00D8299B /* Info.plist */,
			);
			name = "Supporting Files";
			sourceTree = "<group>";
		};
/* End PBXGroup section */

/* Begin PBXNativeTarget section */
		AE472E201D9187EC00D8299B /* FaceIt */ = {
			isa = PBXNativeTarget;
			buildConfigurationList = AE472E331D9187EC00D8299B /* Build configuration list for PBXNativeTarget "FaceIt" */;
			buildPhases = (
				AE472E1D1D9187EC00D8299B /* Sources */,
				AE472E1E1D9187EC00D8299B /* Frameworks */,
				AE472E1F1D9187EC00D8299B /* Resources */,
			);
			buildRules = (
			);
			dependencies = (
			);
			name = FaceIt;
			productName = FaceIt;
			productReference = AE472E211D9187EC00D8299B /* FaceIt.app */;
			productType = "com.apple.product-type.application";
		};
/* End PBXNativeTarget section */

/* Begin PBXProject section */
		AE472E191D9187EC00D8299B /* Project object */ = {
			isa = PBXProject;
			attributes = {
				LastSwiftUpdateCheck = 0730;
				LastUpgradeCheck = 0730;
				ORGANIZATIONNAME = DevStuff;
				TargetAttributes = {
					AE472E201D9187EC00D8299B = {
						CreatedOnToolsVersion = 7.3.1;
					};
				};
			};
			buildConfigurationList = AE472E1C1D9187EC00D8299B /* Build configuration list for PBXProject "FaceIt" */;
			compatibilityVersion = "Xcode 3.2";
			developmentRegion = English;
			hasScannedForEncodings = 0;
			knownRegions = (
				en,
				Base,
			);
			mainGroup = AE472E181D9187EC00D8299B;
			productRefGroup = AE472E221D9187EC00D8299B /* Products */;
			projectDirPath = "";
			projectRoot = "";
			targets = (
				AE472E201D9187EC00D8299B /* FaceIt */,
			);
		};
/* End PBXProject section */

/* Begin PBXResourcesBuildPhase section */
		AE472E1F1D9187EC00D8299B /* Resources */ = {
			isa = PBXResourcesBuildPhase;
			buildActionMask = 2147483647;
			files = (
				AE472E2F1D9187EC00D8299B /* LaunchScreen.storyboard in Resources */,
				AE472E2C1D9187EC00D8299B /* Assets.xcassets in Resources */,
				AE472E2A1D9187EC00D8299B /* Main.storyboard in Resources */,
			);
			runOnlyForDeploymentPostprocessing = 0;
		};
/* End PBXResourcesBuildPhase section */

/* Begin PBXSourcesBuildPhase section */
		AE472E1D1D9187EC00D8299B /* Sources */ = {
			isa = PBXSourcesBuildPhase;
			buildActionMask = 2147483647;
			files = (
				AE472E271D9187EC00D8299B /* FaceViewController.swift in Sources */,
				AEC3072E1D9C0A4700458302 /* FacialExpression.swift in Sources */,
				AE472E251D9187EC00D8299B /* AppDelegate.swift in Sources */,
				AE472E381D918AAB00D8299B /* FaceView.swift in Sources */,
			);
			runOnlyForDeploymentPostprocessing = 0;
		};
/* End PBXSourcesBuildPhase section */

/* Begin PBXVariantGroup section */
		AE472E281D9187EC00D8299B /* Main.storyboard */ = {
			isa = PBXVariantGroup;
			children = (
				AE472E291D9187EC00D8299B /* Base */,
			);
			name = Main.storyboard;
			sourceTree = "<group>";
		};
		AE472E2D1D9187EC00D8299B /* LaunchScreen.storyboard */ = {
			isa = PBXVariantGroup;
			children = (
				AE472E2E1D9187EC00D8299B /* Base */,
			);
			name = LaunchScreen.storyboard;
			sourceTree = "<group>";
		};
/* End PBXVariantGroup section */

/* Begin XCBuildConfiguration section */
		AE472E311D9187EC00D8299B /* Debug */ = {
			isa = XCBuildConfiguration;
			buildSettings = {
				ALWAYS_SEARCH_USER_PATHS = NO;
				CLANG_ANALYZER_NONNULL = YES;
				CLANG_CXX_LANGUAGE_STANDARD = "gnu++0x";
				CLANG_CXX_LIBRARY = "libc++";
				CLANG_ENABLE_MODULES = YES;
				CLANG_ENABLE_OBJC_ARC = YES;
				CLANG_WARN_BOOL_CONVERSION = YES;
				CLANG_WARN_CONSTANT_CONVERSION = YES;
				CLANG_WARN_DIRECT_OBJC_ISA_USAGE = YES_ERROR;
				CLANG_WARN_EMPTY_BODY = YES;
				CLANG_WARN_ENUM_CONVERSION = YES;
				CLANG_WARN_INT_CONVERSION = YES;
				CLANG_WARN_OBJC_ROOT_CLASS = YES_ERROR;
				CLANG_WARN_UNREACHABLE_CODE = YES;
				CLANG_WARN__DUPLICATE_METHOD_MATCH = YES;
				"CODE_SIGN_IDENTITY[sdk=iphoneos*]" = "iPhone Developer";
				COPY_PHASE_STRIP = NO;
				DEBUG_INFORMATION_FORMAT = dwarf;
				ENABLE_STRICT_OBJC_MSGSEND = YES;
				ENABLE_TESTABILITY = YES;
				GCC_C_LANGUAGE_STANDARD = gnu99;
				GCC_DYNAMIC_NO_PIC = NO;
				GCC_NO_COMMON_BLOCKS = YES;
				GCC_OPTIMIZATION_LEVEL = 0;
				GCC_PREPROCESSOR_DEFINITIONS = (
					"DEBUG=1",
					"$(inherited)",
				);
				GCC_WARN_64_TO_32_BIT_CONVERSION = YES;
				GCC_WARN_ABOUT_RETURN_TYPE = YES_ERROR;
				GCC_WARN_UNDECLARED_SELECTOR = YES;
				GCC_WARN_UNINITIALIZED_AUTOS = YES_AGGRESSIVE;
				GCC_WARN_UNUSED_FUNCTION = YES;
				GCC_WARN_UNUSED_VARIABLE = YES;
				IPHONEOS_DEPLOYMENT_TARGET = 9.3;
				MTL_ENABLE_DEBUG_INFO = YES;
				ONLY_ACTIVE_ARCH = YES;
				SDKROOT = iphoneos;
				SWIFT_OPTIMIZATION_LEVEL = "-Onone";
				TARGETED_DEVICE_FAMILY = "1,2";
			};
			name = Debug;
		};
		AE472E321D9187EC00D8299B /* Release */ = {
			isa = XCBuildConfiguration;
			buildSettings = {
				ALWAYS_SEARCH_USER_PATHS = NO;
				CLANG_ANALYZER_NONNULL = YES;
				CLANG_CXX_LANGUAGE_STANDARD = "gnu++0x";
				CLANG_CXX_LIBRARY = "libc++";
				CLANG_ENABLE_MODULES = YES;
				CLANG_ENABLE_OBJC_ARC = YES;
				CLANG_WARN_BOOL_CONVERSION = YES;
				CLANG_WARN_CONSTANT_CONVERSION = YES;
				CLANG_WARN_DIRECT_OBJC_ISA_USAGE = YES_ERROR;
				CLANG_WARN_EMPTY_BODY = YES;
				CLANG_WARN_ENUM_CONVERSION = YES;
				CLANG_WARN_INT_CONVERSION = YES;
				CLANG_WARN_OBJC_ROOT_CLASS = YES_ERROR;
				CLANG_WARN_UNREACHABLE_CODE = YES;
				CLANG_WARN__DUPLICATE_METHOD_MATCH = YES;
				"CODE_SIGN_IDENTITY[sdk=iphoneos*]" = "iPhone Developer";
				COPY_PHASE_STRIP = NO;
				DEBUG_INFORMATION_FORMAT = "dwarf-with-dsym";
				ENABLE_NS_ASSERTIONS = NO;
				ENABLE_STRICT_OBJC_MSGSEND = YES;
				GCC_C_LANGUAGE_STANDARD = gnu99;
				GCC_NO_COMMON_BLOCKS = YES;
				GCC_WARN_64_TO_32_BIT_CONVERSION = YES;
				GCC_WARN_ABOUT_RETURN_TYPE = YES_ERROR;
				GCC_WARN_UNDECLARED_SELECTOR = YES;
				GCC_WARN_UNINITIALIZED_AUTOS = YES_AGGRESSIVE;
				GCC_WARN_UNUSED_FUNCTION = YES;
				GCC_WARN_UNUSED_VARIABLE = YES;
				IPHONEOS_DEPLOYMENT_TARGET = 9.3;
				MTL_ENABLE_DEBUG_INFO = NO;
				SDKROOT = iphoneos;
				TARGETED_DEVICE_FAMILY = "1,2";
				VALIDATE_PRODUCT = YES;
			};
			name = Release;
		};
		AE472E341D9187EC00D8299B /* Debug */ = {
			isa = XCBuildConfiguration;
			buildSettings = {
				ASSETCATALOG_COMPILER_APPICON_NAME = AppIcon;
				INFOPLIST_FILE = FaceIt/Info.plist;
				LD_RUNPATH_SEARCH_PATHS = "$(inherited) @executable_path/Frameworks";
				PRODUCT_BUNDLE_IDENTIFIER = self.edu.FaceIt;
				PRODUCT_NAME = "$(TARGET_NAME)";
			};
			name = Debug;
		};
		AE472E351D9187EC00D8299B /* Release */ = {
			isa = XCBuildConfiguration;
			buildSettings = {
				ASSETCATALOG_COMPILER_APPICON_NAME = AppIcon;
				INFOPLIST_FILE = FaceIt/Info.plist;
				LD_RUNPATH_SEARCH_PATHS = "$(inherited) @executable_path/Frameworks";
				PRODUCT_BUNDLE_IDENTIFIER = self.edu.FaceIt;
				PRODUCT_NAME = "$(TARGET_NAME)";
			};
			name = Release;
		};
/* End XCBuildConfiguration section */

/* Begin XCConfigurationList section */
		AE472E1C1D9187EC00D8299B /* Build configuration list for PBXProject "FaceIt" */ = {
			isa = XCConfigurationList;
			buildConfigurations = (
				AE472E311D9187EC00D8299B /* Debug */,
				AE472E321D9187EC00D8299B /* Release */,
			);
			defaultConfigurationIsVisible = 0;
			defaultConfigurationName = Release;
		};
		AE472E331D9187EC00D8299B /* Build configuration list for PBXNativeTarget "FaceIt" */ = {
			isa = XCConfigurationList;
			buildConfigurations = (
				AE472E341D9187EC00D8299B /* Debug */,
				AE472E351D9187EC00D8299B /* Release */,
			);
			defaultConfigurationIsVisible = 0;
			defaultConfigurationName = Release;
		};
/* End XCConfigurationList section */
	};
	rootObject = AE472E191D9187EC00D8299B /* Project object */;
}
